<?xml version="1.0" encoding="utf-8"?>
<Project ToolsVersion="4.0" xmlns="http://schemas.microsoft.com/developer/msbuild/2003">
  <ItemGroup>
    <Filter Include="Source Files">
      <UniqueIdentifier>{4FC737F1-C7A5-4376-A066-2A32D752A2FF}</UniqueIdentifier>
      <Extensions>cpp;c;cc;cxx;def;odl;idl;hpj;bat;asm;asmx</Extensions>
    </Filter>
  </ItemGroup>
  <ItemGroup>
    <ClCompile Include="cv2pdb.cpp">
      <Filter>Source Files</Filter>
    </ClCompile>
    <ClCompile Include="cvutil.cpp">
      <Filter>Source Files</Filter>
    </ClCompile>
    <ClCompile Include="demangle.cpp">
      <Filter>Source Files</Filter>
    </ClCompile>
    <ClCompile Include="dwarf2pdb.cpp">
      <Filter>Source Files</Filter>
    </ClCompile>
    <ClCompile Include="main.cpp">
      <Filter>Source Files</Filter>
    </ClCompile>
    <ClCompile Include="mspdb.cpp">
      <Filter>Source Files</Filter>
    </ClCompile>
    <ClCompile Include="PEImage.cpp">
      <Filter>Source Files</Filter>
    </ClCompile>
    <ClCompile Include="symutil.cpp">
      <Filter>Source Files</Filter>
    </ClCompile>
    <ClCompile Include="readDwarf.cpp">
      <Filter>Source Files</Filter>
    </ClCompile>
    <ClCompile Include="dwarflines.cpp">
      <Filter>Source Files</Filter>
    </ClCompile>
  </ItemGroup>
  <ItemGroup>
    <ClInclude Include="cv2pdb.h">
      <Filter>Source Files</Filter>
    </ClInclude>
    <ClInclude Include="cvutil.h">
      <Filter>Source Files</Filter>
    </ClInclude>
    <ClInclude Include="demangle.h">
      <Filter>Source Files</Filter>
    </ClInclude>
    <ClInclude Include="LastError.h">
      <Filter>Source Files</Filter>
    </ClInclude>
    <ClInclude Include="mscvpdb.h">
      <Filter>Source Files</Filter>
    </ClInclude>
    <ClInclude Include="mspdb.h">
      <Filter>Source Files</Filter>
    </ClInclude>
    <ClInclude Include="PEImage.h">
      <Filter>Source Files</Filter>
    </ClInclude>
    <ClInclude Include="symutil.h">
      <Filter>Source Files</Filter>
    </ClInclude>
    <ClInclude Include="readDwarf.h">
      <Filter>Source Files</Filter>
    </ClInclude>
    <ClInclude Include="dwarf.h">
      <Filter>Source Files</Filter>
    </ClInclude>
    <ClInclude Include="dcvinfo.h">
      <Filter>Source Files</Filter>
    </ClInclude>
  </ItemGroup>
  <ItemGroup>
    <MASM Include="cvt80to64.asm">
      <Filter>Source Files</Filter>
    </MASM>
  </ItemGroup>
  <ItemGroup>
    <None Include="packages.config" />
  </ItemGroup>
  <ItemGroup>
    <Natvis Include="NatvisFile.natvis" />
  </ItemGroup>
</Project>